
Microsoft Visual Studio Solution File, Format Version 12.00
Project("{FAE04EC0-301F-11D3-BF4B-00C04F79EFBC}") = "Opgave01", "Lektion01\Opgave01\Opgave01.csproj", "{D57A9130-1C39-46BD-BA55-2988E4D76B56}"
EndProject
Project("{2150E333-8FDC-42A3-9474-1A3956D46DE8}") = "Lektion01", "Lektion01", "{D6114DE5-9F91-4DBA-9A2B-A15D5BEA042E}"
	ProjectSection(SolutionItems) = preProject
		Lektion01\opgaver.md = Lektion01\opgaver.md
	EndProjectSection
EndProject
Project("{2150E333-8FDC-42A3-9474-1A3956D46DE8}") = "Slides", "Slides", "{944F8351-978C-45D7-B330-83C3835455E4}"
	ProjectSection(SolutionItems) = preProject
		Lektion01\Slides\EcoSystem.md = Lektion01\Slides\EcoSystem.md
		Lektion01\Slides\Properties.md = Lektion01\Slides\Properties.md
		Lektion01\Slides\Records.md = Lektion01\Slides\Records.md
	EndProjectSection
EndProject
Project("{FAE04EC0-301F-11D3-BF4B-00C04F79EFBC}") = "Opgave02", "Lektion01\Opgave02\Opgave02.csproj", "{444CFE99-39E7-427F-8371-DDA038075B95}"
EndProject
Project("{FAE04EC0-301F-11D3-BF4B-00C04F79EFBC}") = "Opgave03", "Lektion01\Opgave03\Opgave03.csproj", "{9355F717-EAD3-4ABD-A4A4-2E4B8E55ED45}"
EndProject
Project("{FAE04EC0-301F-11D3-BF4B-00C04F79EFBC}") = "Opgave04", "Lektion01\Opgave04\Opgave04.csproj", "{B0435CA8-3B5D-4E8D-AA17-17A169208BE2}"
EndProject
Project("{FAE04EC0-301F-11D3-BF4B-00C04F79EFBC}") = "Opgave05", "Lektion01\Opgave05\Opgave05.csproj", "{02969DF1-D9BF-4F6B-A2EA-44AB781BF4F9}"
EndProject
Project("{2150E333-8FDC-42A3-9474-1A3956D46DE8}") = "Slides", "Slides", "{A66D2C94-6527-4AF3-A4D9-D0ADE3DAC4C1}"
	ProjectSection(SolutionItems) = preProject
		Lektion02\Slides\linq.md = Lektion02\Slides\linq.md
	EndProjectSection
EndProject
Project("{2150E333-8FDC-42A3-9474-1A3956D46DE8}") = "Lektion02", "Lektion02", "{7C655354-8F22-4776-9C6E-E049DD63A7A0}"
	ProjectSection(SolutionItems) = preProject
		Lektion02\opgaver.md = Lektion02\opgaver.md
	EndProjectSection
EndProject
Project("{FAE04EC0-301F-11D3-BF4B-00C04F79EFBC}") = "Opgave01", "Lektion02\Opgave01\Opgave01.csproj", "{C528E78C-5938-42B6-BD1F-436A446246B7}"
EndProject
Project("{FAE04EC0-301F-11D3-BF4B-00C04F79EFBC}") = "Opgave02", "Lektion02\Opgave02\Opgave02.csproj", "{4C51F4D1-EEBD-4320-8ABA-1D3474CFEA7D}"
EndProject
Project("{2150E333-8FDC-42A3-9474-1A3956D46DE8}") = "Lektion03", "Lektion03", "{C41A957E-057E-405E-A495-83706CD7D7CA}"
	ProjectSection(SolutionItems) = preProject
		Lektion03\opgaver.md = Lektion03\opgaver.md
	EndProjectSection
EndProject
Project("{2150E333-8FDC-42A3-9474-1A3956D46DE8}") = "Slides", "Slides", "{55FBABA9-D27E-4F3A-9B52-6D2EE5C87CDB}"
	ProjectSection(SolutionItems) = preProject
		Lektion03\Slides\delegates.md = Lektion03\Slides\delegates.md
		Lektion03\Slides\asyncron.md = Lektion03\Slides\asyncron.md
	EndProjectSection
EndProject
Project("{2150E333-8FDC-42A3-9474-1A3956D46DE8}") = "Examples", "Examples", "{B7A1E274-A59A-4721-8069-2E0773E1AB2C}"
EndProject
Project("{FAE04EC0-301F-11D3-BF4B-00C04F79EFBC}") = "AsyncronExamples", "Lektion03\AsyncronExamples\AsyncronExamples.csproj", "{586C97B2-77CE-4AF3-8BB0-E55EDF216D90}"
EndProject
Project("{FAE04EC0-301F-11D3-BF4B-00C04F79EFBC}") = "WeatherApi", "Lektion03\WeatherApi\WeatherApi.csproj", "{67912954-6EEE-4BBF-B633-AC7D5372886A}"
EndProject
Project("{FAE04EC0-301F-11D3-BF4B-00C04F79EFBC}") = "Lektion03Opgave01", "Lektion03\Lektion03Opgave01\Lektion03Opgave01.csproj", "{C0C636E5-F857-490A-A736-8783E1B4886C}"
EndProject
Project("{FAE04EC0-301F-11D3-BF4B-00C04F79EFBC}") = "Lektion03Opgave02", "Lektion03\Lektion03Opgave02\Lektion03Opgave02.csproj", "{6ECF3180-6F34-44FE-9722-7544859784D6}"
EndProject
Project("{FAE04EC0-301F-11D3-BF4B-00C04F79EFBC}") = "Lektion03Opgave03", "Lektion03\Lektion03Opgave03\Lektion03Opgave03.csproj", "{E2EDA83B-A6E0-4E40-8F63-432F7B95BA64}"
EndProject
Global
	GlobalSection(SolutionConfigurationPlatforms) = preSolution
		Debug|Any CPU = Debug|Any CPU
		Release|Any CPU = Release|Any CPU
	EndGlobalSection
	GlobalSection(NestedProjects) = preSolution
		{A66D2C94-6527-4AF3-A4D9-D0ADE3DAC4C1} = {7C655354-8F22-4776-9C6E-E049DD63A7A0}
		{C528E78C-5938-42B6-BD1F-436A446246B7} = {7C655354-8F22-4776-9C6E-E049DD63A7A0}
		{4C51F4D1-EEBD-4320-8ABA-1D3474CFEA7D} = {7C655354-8F22-4776-9C6E-E049DD63A7A0}
		{55FBABA9-D27E-4F3A-9B52-6D2EE5C87CDB} = {C41A957E-057E-405E-A495-83706CD7D7CA}
		{B7A1E274-A59A-4721-8069-2E0773E1AB2C} = {C41A957E-057E-405E-A495-83706CD7D7CA}
		{586C97B2-77CE-4AF3-8BB0-E55EDF216D90} = {B7A1E274-A59A-4721-8069-2E0773E1AB2C}
		{67912954-6EEE-4BBF-B633-AC7D5372886A} = {B7A1E274-A59A-4721-8069-2E0773E1AB2C}
		{C0C636E5-F857-490A-A736-8783E1B4886C} = {C41A957E-057E-405E-A495-83706CD7D7CA}
		{6ECF3180-6F34-44FE-9722-7544859784D6} = {C41A957E-057E-405E-A495-83706CD7D7CA}
		{E2EDA83B-A6E0-4E40-8F63-432F7B95BA64} = {C41A957E-057E-405E-A495-83706CD7D7CA}
	EndGlobalSection
	GlobalSection(ProjectConfigurationPlatforms) = postSolution
		{C528E78C-5938-42B6-BD1F-436A446246B7}.Debug|Any CPU.ActiveCfg = Debug|Any CPU
		{C528E78C-5938-42B6-BD1F-436A446246B7}.Debug|Any CPU.Build.0 = Debug|Any CPU
		{C528E78C-5938-42B6-BD1F-436A446246B7}.Release|Any CPU.ActiveCfg = Release|Any CPU
		{C528E78C-5938-42B6-BD1F-436A446246B7}.Release|Any CPU.Build.0 = Release|Any CPU
		{4C51F4D1-EEBD-4320-8ABA-1D3474CFEA7D}.Debug|Any CPU.ActiveCfg = Debug|Any CPU
		{4C51F4D1-EEBD-4320-8ABA-1D3474CFEA7D}.Debug|Any CPU.Build.0 = Debug|Any CPU
		{4C51F4D1-EEBD-4320-8ABA-1D3474CFEA7D}.Release|Any CPU.ActiveCfg = Release|Any CPU
		{4C51F4D1-EEBD-4320-8ABA-1D3474CFEA7D}.Release|Any CPU.Build.0 = Release|Any CPU
		{586C97B2-77CE-4AF3-8BB0-E55EDF216D90}.Debug|Any CPU.ActiveCfg = Debug|Any CPU
		{586C97B2-77CE-4AF3-8BB0-E55EDF216D90}.Debug|Any CPU.Build.0 = Debug|Any CPU
		{586C97B2-77CE-4AF3-8BB0-E55EDF216D90}.Release|Any CPU.ActiveCfg = Release|Any CPU
		{586C97B2-77CE-4AF3-8BB0-E55EDF216D90}.Release|Any CPU.Build.0 = Release|Any CPU
		{67912954-6EEE-4BBF-B633-AC7D5372886A}.Debug|Any CPU.ActiveCfg = Debug|Any CPU
		{67912954-6EEE-4BBF-B633-AC7D5372886A}.Debug|Any CPU.Build.0 = Debug|Any CPU
		{67912954-6EEE-4BBF-B633-AC7D5372886A}.Release|Any CPU.ActiveCfg = Release|Any CPU
		{67912954-6EEE-4BBF-B633-AC7D5372886A}.Release|Any CPU.Build.0 = Release|Any CPU
		{C0C636E5-F857-490A-A736-8783E1B4886C}.Debug|Any CPU.ActiveCfg = Debug|Any CPU
		{C0C636E5-F857-490A-A736-8783E1B4886C}.Debug|Any CPU.Build.0 = Debug|Any CPU
		{C0C636E5-F857-490A-A736-8783E1B4886C}.Release|Any CPU.ActiveCfg = Release|Any CPU
		{C0C636E5-F857-490A-A736-8783E1B4886C}.Release|Any CPU.Build.0 = Release|Any CPU
		{6ECF3180-6F34-44FE-9722-7544859784D6}.Debug|Any CPU.ActiveCfg = Debug|Any CPU
		{6ECF3180-6F34-44FE-9722-7544859784D6}.Debug|Any CPU.Build.0 = Debug|Any CPU
		{6ECF3180-6F34-44FE-9722-7544859784D6}.Release|Any CPU.ActiveCfg = Release|Any CPU
		{6ECF3180-6F34-44FE-9722-7544859784D6}.Release|Any CPU.Build.0 = Release|Any CPU
		{E2EDA83B-A6E0-4E40-8F63-432F7B95BA64}.Debug|Any CPU.ActiveCfg = Debug|Any CPU
		{E2EDA83B-A6E0-4E40-8F63-432F7B95BA64}.Debug|Any CPU.Build.0 = Debug|Any CPU
		{E2EDA83B-A6E0-4E40-8F63-432F7B95BA64}.Release|Any CPU.ActiveCfg = Release|Any CPU
		{E2EDA83B-A6E0-4E40-8F63-432F7B95BA64}.Release|Any CPU.Build.0 = Release|Any CPU
	EndGlobalSection
	GlobalSection(NestedProjects) = preSolution
		{E55F83E1-2DD9-4A94-8634-754F591713A8} = {A323F8D5-1FC1-435D-B9FD-DD856D566B44}
	EndGlobalSection
	GlobalSection(ProjectConfigurationPlatforms) = postSolution
		{E55F83E1-2DD9-4A94-8634-754F591713A8}.Debug|Any CPU.ActiveCfg = Debug|Any CPU
		{E55F83E1-2DD9-4A94-8634-754F591713A8}.Debug|Any CPU.Build.0 = Debug|Any CPU
		{E55F83E1-2DD9-4A94-8634-754F591713A8}.Release|Any CPU.ActiveCfg = Release|Any CPU
		{E55F83E1-2DD9-4A94-8634-754F591713A8}.Release|Any CPU.Build.0 = Release|Any CPU
	EndGlobalSection
	GlobalSection(ProjectConfigurationPlatforms) = postSolution
		{D57A9130-1C39-46BD-BA55-2988E4D76B56}.Debug|Any CPU.ActiveCfg = Debug|Any CPU
		{D57A9130-1C39-46BD-BA55-2988E4D76B56}.Debug|Any CPU.Build.0 = Debug|Any CPU
		{D57A9130-1C39-46BD-BA55-2988E4D76B56}.Release|Any CPU.ActiveCfg = Release|Any CPU
		{D57A9130-1C39-46BD-BA55-2988E4D76B56}.Release|Any CPU.Build.0 = Release|Any CPU
		{444CFE99-39E7-427F-8371-DDA038075B95}.Debug|Any CPU.ActiveCfg = Debug|Any CPU
		{444CFE99-39E7-427F-8371-DDA038075B95}.Debug|Any CPU.Build.0 = Debug|Any CPU
		{444CFE99-39E7-427F-8371-DDA038075B95}.Release|Any CPU.ActiveCfg = Release|Any CPU
		{444CFE99-39E7-427F-8371-DDA038075B95}.Release|Any CPU.Build.0 = Release|Any CPU
		{9355F717-EAD3-4ABD-A4A4-2E4B8E55ED45}.Debug|Any CPU.ActiveCfg = Debug|Any CPU
		{9355F717-EAD3-4ABD-A4A4-2E4B8E55ED45}.Debug|Any CPU.Build.0 = Debug|Any CPU
		{9355F717-EAD3-4ABD-A4A4-2E4B8E55ED45}.Release|Any CPU.ActiveCfg = Release|Any CPU
		{9355F717-EAD3-4ABD-A4A4-2E4B8E55ED45}.Release|Any CPU.Build.0 = Release|Any CPU
		{B0435CA8-3B5D-4E8D-AA17-17A169208BE2}.Debug|Any CPU.ActiveCfg = Debug|Any CPU
		{B0435CA8-3B5D-4E8D-AA17-17A169208BE2}.Debug|Any CPU.Build.0 = Debug|Any CPU
		{B0435CA8-3B5D-4E8D-AA17-17A169208BE2}.Release|Any CPU.ActiveCfg = Release|Any CPU
		{B0435CA8-3B5D-4E8D-AA17-17A169208BE2}.Release|Any CPU.Build.0 = Release|Any CPU
		{02969DF1-D9BF-4F6B-A2EA-44AB781BF4F9}.Debug|Any CPU.ActiveCfg = Debug|Any CPU
		{02969DF1-D9BF-4F6B-A2EA-44AB781BF4F9}.Debug|Any CPU.Build.0 = Debug|Any CPU
		{02969DF1-D9BF-4F6B-A2EA-44AB781BF4F9}.Release|Any CPU.ActiveCfg = Release|Any CPU
		{02969DF1-D9BF-4F6B-A2EA-44AB781BF4F9}.Release|Any CPU.Build.0 = Release|Any CPU
	EndGlobalSection
	GlobalSection(NestedProjects) = preSolution
		{D57A9130-1C39-46BD-BA55-2988E4D76B56} = {D6114DE5-9F91-4DBA-9A2B-A15D5BEA042E}
		{944F8351-978C-45D7-B330-83C3835455E4} = {D6114DE5-9F91-4DBA-9A2B-A15D5BEA042E}
		{444CFE99-39E7-427F-8371-DDA038075B95} = {D6114DE5-9F91-4DBA-9A2B-A15D5BEA042E}
		{9355F717-EAD3-4ABD-A4A4-2E4B8E55ED45} = {D6114DE5-9F91-4DBA-9A2B-A15D5BEA042E}
		{B0435CA8-3B5D-4E8D-AA17-17A169208BE2} = {D6114DE5-9F91-4DBA-9A2B-A15D5BEA042E}
		{02969DF1-D9BF-4F6B-A2EA-44AB781BF4F9} = {D6114DE5-9F91-4DBA-9A2B-A15D5BEA042E}
	EndGlobalSection
EndGlobal
